
Microsoft Visual Studio Solution File, Format Version 12.00
# Visual Studio Version 17
VisualStudioVersion = 17.0.31903.59
MinimumVisualStudioVersion = 10.0.40219.1
Project("{2150E333-8FDC-42A3-9474-1A3956D46DE8}") = "src", "src", "{827E0CD3-B72D-47B6-A68D-7590B98EB39B}"
EndProject
Project("{FAE04EC0-301F-11D3-BF4B-00C04F79EFBC}") = "VehicleService", "src\VehicleService\VehicleService.csproj", "{0A61499E-6747-4409-AB33-F7E0DE3303BF}"
EndProject
Project("{FAE04EC0-301F-11D3-BF4B-00C04F79EFBC}") = "InsuranceService", "src\InsuranceService\InsuranceService.csproj", "{5453FB7F-15CD-40E1-B80A-8E751F86F473}"
EndProject
Project("{2150E333-8FDC-42A3-9474-1A3956D46DE8}") = "tests", "tests", "{0AB3BF05-4346-4AA6-1389-037BE0695223}"
EndProject
Project("{FAE04EC0-301F-11D3-BF4B-00C04F79EFBC}") = "VehicleService.Tests", "tests\VehicleService.Tests\VehicleService.Tests.csproj", "{F09A7339-3CB7-467E-9DA2-10D6A4ACE9E1}"
EndProject
Project("{FAE04EC0-301F-11D3-BF4B-00C04F79EFBC}") = "InsuranceService.Tests", "tests\InsuranceService.Tests\InsuranceService.Tests.csproj", "{FF5181E1-8D96-4D16-A384-30B8362E9BB4}"
EndProject
Project("{FAE04EC0-301F-11D3-BF4B-00C04F79EFBC}") = "StressTests", "tests\StressTests\StressTests.csproj", "{30AF95E5-C10D-4BDC-9447-84C484613C13}"
EndProject
Global
	GlobalSection(SolutionConfigurationPlatforms) = preSolution
		Debug|Any CPU = Debug|Any CPU
		Debug|x64 = Debug|x64
		Debug|x86 = Debug|x86
		Release|Any CPU = Release|Any CPU
		Release|x64 = Release|x64
		Release|x86 = Release|x86
	EndGlobalSection
	GlobalSection(ProjectConfigurationPlatforms) = postSolution
		{0A61499E-6747-4409-AB33-F7E0DE3303BF}.Debug|Any CPU.ActiveCfg = Debug|Any CPU
		{0A61499E-6747-4409-AB33-F7E0DE3303BF}.Debug|Any CPU.Build.0 = Debug|Any CPU
		{0A61499E-6747-4409-AB33-F7E0DE3303BF}.Debug|x64.ActiveCfg = Debug|Any CPU
		{0A61499E-6747-4409-AB33-F7E0DE3303BF}.Debug|x64.Build.0 = Debug|Any CPU
		{0A61499E-6747-4409-AB33-F7E0DE3303BF}.Debug|x86.ActiveCfg = Debug|Any CPU
		{0A61499E-6747-4409-AB33-F7E0DE3303BF}.Debug|x86.Build.0 = Debug|Any CPU
		{0A61499E-6747-4409-AB33-F7E0DE3303BF}.Release|Any CPU.ActiveCfg = Release|Any CPU
		{0A61499E-6747-4409-AB33-F7E0DE3303BF}.Release|Any CPU.Build.0 = Release|Any CPU
		{0A61499E-6747-4409-AB33-F7E0DE3303BF}.Release|x64.ActiveCfg = Release|Any CPU
		{0A61499E-6747-4409-AB33-F7E0DE3303BF}.Release|x64.Build.0 = Release|Any CPU
		{0A61499E-6747-4409-AB33-F7E0DE3303BF}.Release|x86.ActiveCfg = Release|Any CPU
		{0A61499E-6747-4409-AB33-F7E0DE3303BF}.Release|x86.Build.0 = Release|Any CPU
		{5453FB7F-15CD-40E1-B80A-8E751F86F473}.Debug|Any CPU.ActiveCfg = Debug|Any CPU
		{5453FB7F-15CD-40E1-B80A-8E751F86F473}.Debug|Any CPU.Build.0 = Debug|Any CPU
		{5453FB7F-15CD-40E1-B80A-8E751F86F473}.Debug|x64.ActiveCfg = Debug|Any CPU
		{5453FB7F-15CD-40E1-B80A-8E751F86F473}.Debug|x64.Build.0 = Debug|Any CPU
		{5453FB7F-15CD-40E1-B80A-8E751F86F473}.Debug|x86.ActiveCfg = Debug|Any CPU
		{5453FB7F-15CD-40E1-B80A-8E751F86F473}.Debug|x86.Build.0 = Debug|Any CPU
		{5453FB7F-15CD-40E1-B80A-8E751F86F473}.Release|Any CPU.ActiveCfg = Release|Any CPU
		{5453FB7F-15CD-40E1-B80A-8E751F86F473}.Release|Any CPU.Build.0 = Release|Any CPU
		{5453FB7F-15CD-40E1-B80A-8E751F86F473}.Release|x64.ActiveCfg = Release|Any CPU
		{5453FB7F-15CD-40E1-B80A-8E751F86F473}.Release|x64.Build.0 = Release|Any CPU
		{5453FB7F-15CD-40E1-B80A-8E751F86F473}.Release|x86.ActiveCfg = Release|Any CPU
		{5453FB7F-15CD-40E1-B80A-8E751F86F473}.Release|x86.Build.0 = Release|Any CPU
		{F09A7339-3CB7-467E-9DA2-10D6A4ACE9E1}.Debug|Any CPU.ActiveCfg = Debug|Any CPU
		{F09A7339-3CB7-467E-9DA2-10D6A4ACE9E1}.Debug|Any CPU.Build.0 = Debug|Any CPU
		{F09A7339-3CB7-467E-9DA2-10D6A4ACE9E1}.Debug|x64.ActiveCfg = Debug|Any CPU
		{F09A7339-3CB7-467E-9DA2-10D6A4ACE9E1}.Debug|x64.Build.0 = Debug|Any CPU
		{F09A7339-3CB7-467E-9DA2-10D6A4ACE9E1}.Debug|x86.ActiveCfg = Debug|Any CPU
		{F09A7339-3CB7-467E-9DA2-10D6A4ACE9E1}.Debug|x86.Build.0 = Debug|Any CPU
		{F09A7339-3CB7-467E-9DA2-10D6A4ACE9E1}.Release|Any CPU.ActiveCfg = Release|Any CPU
		{F09A7339-3CB7-467E-9DA2-10D6A4ACE9E1}.Release|Any CPU.Build.0 = Release|Any CPU
		{F09A7339-3CB7-467E-9DA2-10D6A4ACE9E1}.Release|x64.ActiveCfg = Release|Any CPU
		{F09A7339-3CB7-467E-9DA2-10D6A4ACE9E1}.Release|x64.Build.0 = Release|Any CPU
		{F09A7339-3CB7-467E-9DA2-10D6A4ACE9E1}.Release|x86.ActiveCfg = Release|Any CPU
		{F09A7339-3CB7-467E-9DA2-10D6A4ACE9E1}.Release|x86.Build.0 = Release|Any CPU
		{FF5181E1-8D96-4D16-A384-30B8362E9BB4}.Debug|Any CPU.ActiveCfg = Debug|Any CPU
		{FF5181E1-8D96-4D16-A384-30B8362E9BB4}.Debug|Any CPU.Build.0 = Debug|Any CPU
		{FF5181E1-8D96-4D16-A384-30B8362E9BB4}.Debug|x64.ActiveCfg = Debug|Any CPU
		{FF5181E1-8D96-4D16-A384-30B8362E9BB4}.Debug|x64.Build.0 = Debug|Any CPU
		{FF5181E1-8D96-4D16-A384-30B8362E9BB4}.Debug|x86.ActiveCfg = Debug|Any CPU
		{FF5181E1-8D96-4D16-A384-30B8362E9BB4}.Debug|x86.Build.0 = Debug|Any CPU
		{FF5181E1-8D96-4D16-A384-30B8362E9BB4}.Release|Any CPU.ActiveCfg = Release|Any CPU
		{FF5181E1-8D96-4D16-A384-30B8362E9BB4}.Release|Any CPU.Build.0 = Release|Any CPU
		{FF5181E1-8D96-4D16-A384-30B8362E9BB4}.Release|x64.ActiveCfg = Release|Any CPU
		{FF5181E1-8D96-4D16-A384-30B8362E9BB4}.Release|x64.Build.0 = Release|Any CPU
		{FF5181E1-8D96-4D16-A384-30B8362E9BB4}.Release|x86.ActiveCfg = Release|Any CPU
		{FF5181E1-8D96-4D16-A384-30B8362E9BB4}.Release|x86.Build.0 = Release|Any CPU
		{30AF95E5-C10D-4BDC-9447-84C484613C13}.Debug|Any CPU.ActiveCfg = Debug|Any CPU
		{30AF95E5-C10D-4BDC-9447-84C484613C13}.Debug|Any CPU.Build.0 = Debug|Any CPU
		{30AF95E5-C10D-4BDC-9447-84C484613C13}.Debug|x64.ActiveCfg = Debug|Any CPU
		{30AF95E5-C10D-4BDC-9447-84C484613C13}.Debug|x64.Build.0 = Debug|Any CPU
		{30AF95E5-C10D-4BDC-9447-84C484613C13}.Debug|x86.ActiveCfg = Debug|Any CPU
		{30AF95E5-C10D-4BDC-9447-84C484613C13}.Debug|x86.Build.0 = Debug|Any CPU
		{30AF95E5-C10D-4BDC-9447-84C484613C13}.Release|Any CPU.ActiveCfg = Release|Any CPU
		{30AF95E5-C10D-4BDC-9447-84C484613C13}.Release|Any CPU.Build.0 = Release|Any CPU
		{30AF95E5-C10D-4BDC-9447-84C484613C13}.Release|x64.ActiveCfg = Release|Any CPU
		{30AF95E5-C10D-4BDC-9447-84C484613C13}.Release|x64.Build.0 = Release|Any CPU
		{30AF95E5-C10D-4BDC-9447-84C484613C13}.Release|x86.ActiveCfg = Release|Any CPU
		{30AF95E5-C10D-4BDC-9447-84C484613C13}.Release|x86.Build.0 = Release|Any CPU
	EndGlobalSection
	GlobalSection(SolutionProperties) = preSolution
		HideSolutionNode = FALSE
	EndGlobalSection
	GlobalSection(NestedProjects) = preSolution
		{0A61499E-6747-4409-AB33-F7E0DE3303BF} = {827E0CD3-B72D-47B6-A68D-7590B98EB39B}
		{5453FB7F-15CD-40E1-B80A-8E751F86F473} = {827E0CD3-B72D-47B6-A68D-7590B98EB39B}
		{F09A7339-3CB7-467E-9DA2-10D6A4ACE9E1} = {0AB3BF05-4346-4AA6-1389-037BE0695223}
		{FF5181E1-8D96-4D16-A384-30B8362E9BB4} = {0AB3BF05-4346-4AA6-1389-037BE0695223}
		{30AF95E5-C10D-4BDC-9447-84C484613C13} = {0AB3BF05-4346-4AA6-1389-037BE0695223}
	EndGlobalSection
EndGlobal
